
Microsoft Visual Studio Solution File, Format Version 12.00
# Visual Studio Version 17
VisualStudioVersion = 17.5.33502.453
MinimumVisualStudioVersion = 10.0.40219.1
Project("{FAE04EC0-301F-11D3-BF4B-00C04F79EFBC}") = "Lesson3", "Lesson3\Lesson3.csproj", "{A6EB9C56-8F31-455C-A1B6-C0F5B99BED99}"
EndProject
Global
	GlobalSection(SolutionConfigurationPlatforms) = preSolution
		Debug|Any CPU = Debug|Any CPU
		Release|Any CPU = Release|Any CPU
	EndGlobalSection
	GlobalSection(ProjectConfigurationPlatforms) = postSolution
		{A6EB9C56-8F31-455C-A1B6-C0F5B99BED99}.Debug|Any CPU.ActiveCfg = Debug|Any CPU
		{A6EB9C56-8F31-455C-A1B6-C0F5B99BED99}.Debug|Any CPU.Build.0 = Debug|Any CPU
		{A6EB9C56-8F31-455C-A1B6-C0F5B99BED99}.Release|Any CPU.ActiveCfg = Release|Any CPU
		{A6EB9C56-8F31-455C-A1B6-C0F5B99BED99}.Release|Any CPU.Build.0 = Release|Any CPU
	EndGlobalSection
	GlobalSection(SolutionProperties) = preSolution
		HideSolutionNode = FALSE
	EndGlobalSection
	GlobalSection(ExtensibilityGlobals) = postSolution
		SolutionGuid = {A704B285-26EE-44E6-8F9D-AB56E4E3FD7F}
	EndGlobalSection
EndGlobal
